
Microsoft Visual Studio Solution File, Format Version 12.00
# Visual Studio 15
VisualStudioVersion = 15.0.28307.572
MinimumVisualStudioVersion = 10.0.40219.1
Project("{FAE04EC0-301F-11D3-BF4B-00C04F79EFBC}") = "WeightLog", "WeightLog\WeightLog.csproj", "{BEB2A63D-170C-4A45-96DC-1B55C3B69867}"
EndProject
Global
	GlobalSection(SolutionConfigurationPlatforms) = preSolution
		Debug|Any CPU = Debug|Any CPU
		Release|Any CPU = Release|Any CPU
	EndGlobalSection
	GlobalSection(ProjectConfigurationPlatforms) = postSolution
		{BEB2A63D-170C-4A45-96DC-1B55C3B69867}.Debug|Any CPU.ActiveCfg = Debug|Any CPU
		{BEB2A63D-170C-4A45-96DC-1B55C3B69867}.Debug|Any CPU.Build.0 = Debug|Any CPU
		{BEB2A63D-170C-4A45-96DC-1B55C3B69867}.Release|Any CPU.ActiveCfg = Release|Any CPU
		{BEB2A63D-170C-4A45-96DC-1B55C3B69867}.Release|Any CPU.Build.0 = Release|Any CPU
	EndGlobalSection
	GlobalSection(SolutionProperties) = preSolution
		HideSolutionNode = FALSE
	EndGlobalSection
	GlobalSection(ExtensibilityGlobals) = postSolution
		SolutionGuid = {DB0E22AC-6AA0-48D0-8C89-515D27D5ACD0}
	EndGlobalSection
EndGlobal
